// !$*UTF8*$!
{
	archiveVersion = 1;
	classes = {
	};
	objectVersion = 77;
	objects = {

/* Begin PBXBuildFile section */
		1DFDD7A12DD56CAB00888CDD /* mobile-game-2048-iOS-Info.plist in Resources */ = {isa = PBXBuildFile; fileRef = 1DFDD7A02DD56C9600888CDD /* mobile-game-2048-iOS-Info.plist */; };
		7BB241A62DAF318200CC2722 /* GoogleMobileAds in Frameworks */ = {isa = PBXBuildFile; productRef = 7BB241A52DAF318200CC2722 /* GoogleMobileAds */; };
		7CDFF663B1947A807C392302 /* Pods_mobile_game_2048_iOS.framework in Frameworks */ = {isa = PBXBuildFile; fileRef = BB2E9A16A8DB28C4EB381C94 /* Pods_mobile_game_2048_iOS.framework */; };
		A8064841A205C749EEBF6BF1 /* Pods_mobile_game_2048_tvOS.framework in Frameworks */ = {isa = PBXBuildFile; fileRef = 9D849C18B74573EB7D9E0B8E /* Pods_mobile_game_2048_tvOS.framework */; };
		AA952DFA2575EA8349C4784D /* Pods_mobile_game_2048_macOS.framework in Frameworks */ = {isa = PBXBuildFile; fileRef = 6CF5D6E3B829A3AC3DC946C5 /* Pods_mobile_game_2048_macOS.framework */; };
/* End PBXBuildFile section */

/* Begin PBXFileReference section */
		1D34416D2D825B820027D2F0 /* mobile_game_2048.app */ = {isa = PBXFileReference; explicitFileType = wrapper.application; includeInIndex = 0; path = mobile_game_2048.app; sourceTree = BUILT_PRODUCTS_DIR; };
		1D34417E2D825B820027D2F0 /* mobile_game_2048.app */ = {isa = PBXFileReference; explicitFileType = wrapper.application; includeInIndex = 0; path = mobile_game_2048.app; sourceTree = BUILT_PRODUCTS_DIR; };
		1D34418E2D825B820027D2F0 /* mobile_game_2048.app */ = {isa = PBXFileReference; explicitFileType = wrapper.application; includeInIndex = 0; path = mobile_game_2048.app; sourceTree = BUILT_PRODUCTS_DIR; };
		1DFDD7A02DD56C9600888CDD /* mobile-game-2048-iOS-Info.plist */ = {isa = PBXFileReference; lastKnownFileType = text.plist; path = "mobile-game-2048-iOS-Info.plist"; sourceTree = "<group>"; };
		3BBD8FF2260501211C81D847 /* Pods-mobile_game_2048 macOS.debug.xcconfig */ = {isa = PBXFileReference; includeInIndex = 1; lastKnownFileType = text.xcconfig; name = "Pods-mobile_game_2048 macOS.debug.xcconfig"; path = "Target Support Files/Pods-mobile_game_2048 macOS/Pods-mobile_game_2048 macOS.debug.xcconfig"; sourceTree = "<group>"; };
		6CF5D6E3B829A3AC3DC946C5 /* Pods_mobile_game_2048_macOS.framework */ = {isa = PBXFileReference; explicitFileType = wrapper.framework; includeInIndex = 0; path = Pods_mobile_game_2048_macOS.framework; sourceTree = BUILT_PRODUCTS_DIR; };
		7569B76AF366951ED20B5BE9 /* Pods-mobile_game_2048 tvOS.debug.xcconfig */ = {isa = PBXFileReference; includeInIndex = 1; lastKnownFileType = text.xcconfig; name = "Pods-mobile_game_2048 tvOS.debug.xcconfig"; path = "Target Support Files/Pods-mobile_game_2048 tvOS/Pods-mobile_game_2048 tvOS.debug.xcconfig"; sourceTree = "<group>"; };
		8E6F6B3979D32EF8966D1FD7 /* Pods-mobile_game_2048 iOS.release.xcconfig */ = {isa = PBXFileReference; includeInIndex = 1; lastKnownFileType = text.xcconfig; name = "Pods-mobile_game_2048 iOS.release.xcconfig"; path = "Target Support Files/Pods-mobile_game_2048 iOS/Pods-mobile_game_2048 iOS.release.xcconfig"; sourceTree = "<group>"; };
		9D849C18B74573EB7D9E0B8E /* Pods_mobile_game_2048_tvOS.framework */ = {isa = PBXFileReference; explicitFileType = wrapper.framework; includeInIndex = 0; path = Pods_mobile_game_2048_tvOS.framework; sourceTree = BUILT_PRODUCTS_DIR; };
		AE32D07C87961825B4981379 /* Pods-mobile_game_2048 iOS.debug.xcconfig */ = {isa = PBXFileReference; includeInIndex = 1; lastKnownFileType = text.xcconfig; name = "Pods-mobile_game_2048 iOS.debug.xcconfig"; path = "Target Support Files/Pods-mobile_game_2048 iOS/Pods-mobile_game_2048 iOS.debug.xcconfig"; sourceTree = "<group>"; };
		BB2E9A16A8DB28C4EB381C94 /* Pods_mobile_game_2048_iOS.framework */ = {isa = PBXFileReference; explicitFileType = wrapper.framework; includeInIndex = 0; path = Pods_mobile_game_2048_iOS.framework; sourceTree = BUILT_PRODUCTS_DIR; };
		D7265C541C3017B0D9BCA751 /* Pods-mobile_game_2048 tvOS.release.xcconfig */ = {isa = PBXFileReference; includeInIndex = 1; lastKnownFileType = text.xcconfig; name = "Pods-mobile_game_2048 tvOS.release.xcconfig"; path = "Target Support Files/Pods-mobile_game_2048 tvOS/Pods-mobile_game_2048 tvOS.release.xcconfig"; sourceTree = "<group>"; };
		D9F9CD12722966D30C4A6E58 /* Pods-mobile_game_2048 macOS.release.xcconfig */ = {isa = PBXFileReference; includeInIndex = 1; lastKnownFileType = text.xcconfig; name = "Pods-mobile_game_2048 macOS.release.xcconfig"; path = "Target Support Files/Pods-mobile_game_2048 macOS/Pods-mobile_game_2048 macOS.release.xcconfig"; sourceTree = "<group>"; };
/* End PBXFileReference section */

/* Begin PBXFileSystemSynchronizedBuildFileExceptionSet section */
		1D3441A82D825B820027D2F0 /* Exceptions for "mobile_game_2048 Shared" folder in "mobile_game_2048 tvOS" target */ = {
			isa = PBXFileSystemSynchronizedBuildFileExceptionSet;
			membershipExceptions = (
				Actions.sks,
				Assets.xcassets,
				GameScene.sks,
				GameScene.swift,
			);
			target = 1D34417D2D825B820027D2F0 /* mobile_game_2048 tvOS */;
		};
		1D3441AC2D825B820027D2F0 /* Exceptions for "mobile_game_2048 Shared" folder in "mobile_game_2048 macOS" target */ = {
			isa = PBXFileSystemSynchronizedBuildFileExceptionSet;
			membershipExceptions = (
				Actions.sks,
				Assets.xcassets,
				GameScene.sks,
				GameScene.swift,
			);
			target = 1D34418D2D825B820027D2F0 /* mobile_game_2048 macOS */;
		};
/* End PBXFileSystemSynchronizedBuildFileExceptionSet section */

/* Begin PBXFileSystemSynchronizedRootGroup section */
		1D3441642D825B800027D2F0 /* mobile_game_2048 Shared */ = {
			isa = PBXFileSystemSynchronizedRootGroup;
			exceptions = (
				1D3441A82D825B820027D2F0 /* Exceptions for "mobile_game_2048 Shared" folder in "mobile_game_2048 tvOS" target */,
				1D3441AC2D825B820027D2F0 /* Exceptions for "mobile_game_2048 Shared" folder in "mobile_game_2048 macOS" target */,
			);
			path = "mobile_game_2048 Shared";
			sourceTree = "<group>";
		};
		1D34416F2D825B820027D2F0 /* mobile_game_2048 iOS */ = {
			isa = PBXFileSystemSynchronizedRootGroup;
			path = "mobile_game_2048 iOS";
			sourceTree = "<group>";
		};
		1D34417F2D825B820027D2F0 /* mobile_game_2048 tvOS */ = {
			isa = PBXFileSystemSynchronizedRootGroup;
			path = "mobile_game_2048 tvOS";
			sourceTree = "<group>";
		};
		1D34418F2D825B820027D2F0 /* mobile_game_2048 macOS */ = {
			isa = PBXFileSystemSynchronizedRootGroup;
			path = "mobile_game_2048 macOS";
			sourceTree = "<group>";
		};
/* End PBXFileSystemSynchronizedRootGroup section */

/* Begin PBXFrameworksBuildPhase section */
		1D34416A2D825B820027D2F0 /* Frameworks */ = {
			isa = PBXFrameworksBuildPhase;
			buildActionMask = 2147483647;
			files = (
				7BB241A62DAF318200CC2722 /* GoogleMobileAds in Frameworks */,
				7CDFF663B1947A807C392302 /* Pods_mobile_game_2048_iOS.framework in Frameworks */,
			);
			runOnlyForDeploymentPostprocessing = 0;
		};
		1D34417B2D825B820027D2F0 /* Frameworks */ = {
			isa = PBXFrameworksBuildPhase;
			buildActionMask = 2147483647;
			files = (
				A8064841A205C749EEBF6BF1 /* Pods_mobile_game_2048_tvOS.framework in Frameworks */,
			);
			runOnlyForDeploymentPostprocessing = 0;
		};
		1D34418B2D825B820027D2F0 /* Frameworks */ = {
			isa = PBXFrameworksBuildPhase;
			buildActionMask = 2147483647;
			files = (
				AA952DFA2575EA8349C4784D /* Pods_mobile_game_2048_macOS.framework in Frameworks */,
			);
			runOnlyForDeploymentPostprocessing = 0;
		};
/* End PBXFrameworksBuildPhase section */

/* Begin PBXGroup section */
		1D34415F2D825B800027D2F0 = {
			isa = PBXGroup;
			children = (
				1DFDD7A02DD56C9600888CDD /* mobile-game-2048-iOS-Info.plist */,
				1D3441642D825B800027D2F0 /* mobile_game_2048 Shared */,
				1D34416F2D825B820027D2F0 /* mobile_game_2048 iOS */,
				1D34417F2D825B820027D2F0 /* mobile_game_2048 tvOS */,
				1D34418F2D825B820027D2F0 /* mobile_game_2048 macOS */,
				1D34416E2D825B820027D2F0 /* Products */,
				9351F9F955FF301131B08F48 /* Pods */,
				5A6C233E8E8D16E01641F121 /* Frameworks */,
			);
			sourceTree = "<group>";
		};
		1D34416E2D825B820027D2F0 /* Products */ = {
			isa = PBXGroup;
			children = (
				1D34416D2D825B820027D2F0 /* mobile_game_2048.app */,
				1D34417E2D825B820027D2F0 /* mobile_game_2048.app */,
				1D34418E2D825B820027D2F0 /* mobile_game_2048.app */,
			);
			name = Products;
			sourceTree = "<group>";
		};
		5A6C233E8E8D16E01641F121 /* Frameworks */ = {
			isa = PBXGroup;
			children = (
				BB2E9A16A8DB28C4EB381C94 /* Pods_mobile_game_2048_iOS.framework */,
				6CF5D6E3B829A3AC3DC946C5 /* Pods_mobile_game_2048_macOS.framework */,
				9D849C18B74573EB7D9E0B8E /* Pods_mobile_game_2048_tvOS.framework */,
			);
			name = Frameworks;
			sourceTree = "<group>";
		};
		9351F9F955FF301131B08F48 /* Pods */ = {
			isa = PBXGroup;
			children = (
				AE32D07C87961825B4981379 /* Pods-mobile_game_2048 iOS.debug.xcconfig */,
				8E6F6B3979D32EF8966D1FD7 /* Pods-mobile_game_2048 iOS.release.xcconfig */,
				3BBD8FF2260501211C81D847 /* Pods-mobile_game_2048 macOS.debug.xcconfig */,
				D9F9CD12722966D30C4A6E58 /* Pods-mobile_game_2048 macOS.release.xcconfig */,
				7569B76AF366951ED20B5BE9 /* Pods-mobile_game_2048 tvOS.debug.xcconfig */,
				D7265C541C3017B0D9BCA751 /* Pods-mobile_game_2048 tvOS.release.xcconfig */,
			);
			path = Pods;
			sourceTree = "<group>";
		};
/* End PBXGroup section */

/* Begin PBXNativeTarget section */
		1D34416C2D825B820027D2F0 /* mobile_game_2048 iOS */ = {
			isa = PBXNativeTarget;
			buildConfigurationList = 1D3441A52D825B820027D2F0 /* Build configuration list for PBXNativeTarget "mobile_game_2048 iOS" */;
			buildPhases = (
				F3BD97C7FB8E64BFAAF090BB /* [CP] Check Pods Manifest.lock */,
				1D3441692D825B820027D2F0 /* Sources */,
				1D34416A2D825B820027D2F0 /* Frameworks */,
				1D34416B2D825B820027D2F0 /* Resources */,
				564E29233A4F86AC12F5AFA0 /* [CP] Copy Pods Resources */,
			);
			buildRules = (
			);
			dependencies = (
			);
			fileSystemSynchronizedGroups = (
				1D3441642D825B800027D2F0 /* mobile_game_2048 Shared */,
				1D34416F2D825B820027D2F0 /* mobile_game_2048 iOS */,
			);
			name = "mobile_game_2048 iOS";
			productName = "mobile_game_2048 iOS";
			productReference = 1D34416D2D825B820027D2F0 /* mobile_game_2048.app */;
			productType = "com.apple.product-type.application";
		};
		1D34417D2D825B820027D2F0 /* mobile_game_2048 tvOS */ = {
			isa = PBXNativeTarget;
			buildConfigurationList = 1D3441A92D825B820027D2F0 /* Build configuration list for PBXNativeTarget "mobile_game_2048 tvOS" */;
			buildPhases = (
				84DA87F60E797C6545A949BF /* [CP] Check Pods Manifest.lock */,
				1D34417A2D825B820027D2F0 /* Sources */,
				1D34417B2D825B820027D2F0 /* Frameworks */,
				1D34417C2D825B820027D2F0 /* Resources */,
			);
			buildRules = (
			);
			dependencies = (
			);
			fileSystemSynchronizedGroups = (
				1D34417F2D825B820027D2F0 /* mobile_game_2048 tvOS */,
			);
			name = "mobile_game_2048 tvOS";
			productName = "mobile_game_2048 tvOS";
			productReference = 1D34417E2D825B820027D2F0 /* mobile_game_2048.app */;
			productType = "com.apple.product-type.application";
		};
		1D34418D2D825B820027D2F0 /* mobile_game_2048 macOS */ = {
			isa = PBXNativeTarget;
			buildConfigurationList = 1D3441AD2D825B820027D2F0 /* Build configuration list for PBXNativeTarget "mobile_game_2048 macOS" */;
			buildPhases = (
				73ED66FFD2862AC74FE04529 /* [CP] Check Pods Manifest.lock */,
				1D34418A2D825B820027D2F0 /* Sources */,
				1D34418B2D825B820027D2F0 /* Frameworks */,
				1D34418C2D825B820027D2F0 /* Resources */,
			);
			buildRules = (
			);
			dependencies = (
			);
			fileSystemSynchronizedGroups = (
				1D34418F2D825B820027D2F0 /* mobile_game_2048 macOS */,
			);
			name = "mobile_game_2048 macOS";
			productName = "mobile_game_2048 macOS";
			productReference = 1D34418E2D825B820027D2F0 /* mobile_game_2048.app */;
			productType = "com.apple.product-type.application";
		};
/* End PBXNativeTarget section */

/* Begin PBXProject section */
		1D3441602D825B800027D2F0 /* Project object */ = {
			isa = PBXProject;
			attributes = {
				BuildIndependentTargetsInParallel = 1;
				LastSwiftUpdateCheck = 1600;
				LastUpgradeCheck = 1600;
				TargetAttributes = {
					1D34416C2D825B820027D2F0 = {
						CreatedOnToolsVersion = 16.0;
					};
					1D34417D2D825B820027D2F0 = {
						CreatedOnToolsVersion = 16.0;
					};
					1D34418D2D825B820027D2F0 = {
						CreatedOnToolsVersion = 16.0;
					};
				};
			};
			buildConfigurationList = 1D3441632D825B800027D2F0 /* Build configuration list for PBXProject "mobile_game_2048" */;
			developmentRegion = en;
			hasScannedForEncodings = 0;
			knownRegions = (
				en,
				Base,
			);
			mainGroup = 1D34415F2D825B800027D2F0;
			minimizedProjectReferenceProxies = 1;
			packageReferences = (
				7BB241A42DAF318200CC2722 /* XCRemoteSwiftPackageReference "swift-package-manager-google-mobile-ads" */,
			);
			preferredProjectObjectVersion = 77;
			productRefGroup = 1D34416E2D825B820027D2F0 /* Products */;
			projectDirPath = "";
			projectRoot = "";
			targets = (
				1D34416C2D825B820027D2F0 /* mobile_game_2048 iOS */,
				1D34417D2D825B820027D2F0 /* mobile_game_2048 tvOS */,
				1D34418D2D825B820027D2F0 /* mobile_game_2048 macOS */,
			);
		};
/* End PBXProject section */

/* Begin PBXResourcesBuildPhase section */
		1D34416B2D825B820027D2F0 /* Resources */ = {
			isa = PBXResourcesBuildPhase;
			buildActionMask = 2147483647;
			files = (
				1DFDD7A12DD56CAB00888CDD /* mobile-game-2048-iOS-Info.plist in Resources */,
			);
			runOnlyForDeploymentPostprocessing = 0;
		};
		1D34417C2D825B820027D2F0 /* Resources */ = {
			isa = PBXResourcesBuildPhase;
			buildActionMask = 2147483647;
			files = (
			);
			runOnlyForDeploymentPostprocessing = 0;
		};
		1D34418C2D825B820027D2F0 /* Resources */ = {
			isa = PBXResourcesBuildPhase;
			buildActionMask = 2147483647;
			files = (
			);
			runOnlyForDeploymentPostprocessing = 0;
		};
/* End PBXResourcesBuildPhase section */

/* Begin PBXShellScriptBuildPhase section */
		564E29233A4F86AC12F5AFA0 /* [CP] Copy Pods Resources */ = {
			isa = PBXShellScriptBuildPhase;
			buildActionMask = 2147483647;
			files = (
			);
			inputFileListPaths = (
				"${PODS_ROOT}/Target Support Files/Pods-mobile_game_2048 iOS/Pods-mobile_game_2048 iOS-resources-${CONFIGURATION}-input-files.xcfilelist",
			);
			name = "[CP] Copy Pods Resources";
			outputFileListPaths = (
				"${PODS_ROOT}/Target Support Files/Pods-mobile_game_2048 iOS/Pods-mobile_game_2048 iOS-resources-${CONFIGURATION}-output-files.xcfilelist",
			);
			runOnlyForDeploymentPostprocessing = 0;
			shellPath = /bin/sh;
			shellScript = "\"${PODS_ROOT}/Target Support Files/Pods-mobile_game_2048 iOS/Pods-mobile_game_2048 iOS-resources.sh\"\n";
			showEnvVarsInLog = 0;
		};
		73ED66FFD2862AC74FE04529 /* [CP] Check Pods Manifest.lock */ = {
			isa = PBXShellScriptBuildPhase;
			buildActionMask = 2147483647;
			files = (
			);
			inputFileListPaths = (
			);
			inputPaths = (
				"${PODS_PODFILE_DIR_PATH}/Podfile.lock",
				"${PODS_ROOT}/Manifest.lock",
			);
			name = "[CP] Check Pods Manifest.lock";
			outputFileListPaths = (
			);
			outputPaths = (
				"$(DERIVED_FILE_DIR)/Pods-mobile_game_2048 macOS-checkManifestLockResult.txt",
			);
			runOnlyForDeploymentPostprocessing = 0;
			shellPath = /bin/sh;
			shellScript = "diff \"${PODS_PODFILE_DIR_PATH}/Podfile.lock\" \"${PODS_ROOT}/Manifest.lock\" > /dev/null\nif [ $? != 0 ] ; then\n    # print error to STDERR\n    echo \"error: The sandbox is not in sync with the Podfile.lock. Run 'pod install' or update your CocoaPods installation.\" >&2\n    exit 1\nfi\n# This output is used by Xcode 'outputs' to avoid re-running this script phase.\necho \"SUCCESS\" > \"${SCRIPT_OUTPUT_FILE_0}\"\n";
			showEnvVarsInLog = 0;
		};
		84DA87F60E797C6545A949BF /* [CP] Check Pods Manifest.lock */ = {
			isa = PBXShellScriptBuildPhase;
			buildActionMask = 2147483647;
			files = (
			);
			inputFileListPaths = (
			);
			inputPaths = (
				"${PODS_PODFILE_DIR_PATH}/Podfile.lock",
				"${PODS_ROOT}/Manifest.lock",
			);
			name = "[CP] Check Pods Manifest.lock";
			outputFileListPaths = (
			);
			outputPaths = (
				"$(DERIVED_FILE_DIR)/Pods-mobile_game_2048 tvOS-checkManifestLockResult.txt",
			);
			runOnlyForDeploymentPostprocessing = 0;
			shellPath = /bin/sh;
			shellScript = "diff \"${PODS_PODFILE_DIR_PATH}/Podfile.lock\" \"${PODS_ROOT}/Manifest.lock\" > /dev/null\nif [ $? != 0 ] ; then\n    # print error to STDERR\n    echo \"error: The sandbox is not in sync with the Podfile.lock. Run 'pod install' or update your CocoaPods installation.\" >&2\n    exit 1\nfi\n# This output is used by Xcode 'outputs' to avoid re-running this script phase.\necho \"SUCCESS\" > \"${SCRIPT_OUTPUT_FILE_0}\"\n";
			showEnvVarsInLog = 0;
		};
		F3BD97C7FB8E64BFAAF090BB /* [CP] Check Pods Manifest.lock */ = {
			isa = PBXShellScriptBuildPhase;
			buildActionMask = 2147483647;
			files = (
			);
			inputFileListPaths = (
			);
			inputPaths = (
				"${PODS_PODFILE_DIR_PATH}/Podfile.lock",
				"${PODS_ROOT}/Manifest.lock",
			);
			name = "[CP] Check Pods Manifest.lock";
			outputFileListPaths = (
			);
			outputPaths = (
				"$(DERIVED_FILE_DIR)/Pods-mobile_game_2048 iOS-checkManifestLockResult.txt",
			);
			runOnlyForDeploymentPostprocessing = 0;
			shellPath = /bin/sh;
			shellScript = "diff \"${PODS_PODFILE_DIR_PATH}/Podfile.lock\" \"${PODS_ROOT}/Manifest.lock\" > /dev/null\nif [ $? != 0 ] ; then\n    # print error to STDERR\n    echo \"error: The sandbox is not in sync with the Podfile.lock. Run 'pod install' or update your CocoaPods installation.\" >&2\n    exit 1\nfi\n# This output is used by Xcode 'outputs' to avoid re-running this script phase.\necho \"SUCCESS\" > \"${SCRIPT_OUTPUT_FILE_0}\"\n";
			showEnvVarsInLog = 0;
		};
/* End PBXShellScriptBuildPhase section */

/* Begin PBXSourcesBuildPhase section */
		1D3441692D825B820027D2F0 /* Sources */ = {
			isa = PBXSourcesBuildPhase;
			buildActionMask = 2147483647;
			files = (
			);
			runOnlyForDeploymentPostprocessing = 0;
		};
		1D34417A2D825B820027D2F0 /* Sources */ = {
			isa = PBXSourcesBuildPhase;
			buildActionMask = 2147483647;
			files = (
			);
			runOnlyForDeploymentPostprocessing = 0;
		};
		1D34418A2D825B820027D2F0 /* Sources */ = {
			isa = PBXSourcesBuildPhase;
			buildActionMask = 2147483647;
			files = (
			);
			runOnlyForDeploymentPostprocessing = 0;
		};
/* End PBXSourcesBuildPhase section */

/* Begin XCBuildConfiguration section */
		1D3441A62D825B820027D2F0 /* Debug */ = {
			isa = XCBuildConfiguration;
			baseConfigurationReference = AE32D07C87961825B4981379 /* Pods-mobile_game_2048 iOS.debug.xcconfig */;
			buildSettings = {
				ASSETCATALOG_COMPILER_APPICON_NAME = AppIcon;
				ASSETCATALOG_COMPILER_GLOBAL_ACCENT_COLOR_NAME = AccentColor;
				CODE_SIGN_ENTITLEMENTS = "mobile_game_2048 iOS/mobile_game_2048 iOS.entitlements";
				CODE_SIGN_STYLE = Automatic;
				CURRENT_PROJECT_VERSION = 1;
				DEVELOPMENT_TEAM = 9TXQH95V62;
				GENERATE_INFOPLIST_FILE = YES;
				INFOPLIST_FILE = "mobile-game-2048-iOS-Info.plist";
				INFOPLIST_KEY_UIApplicationSupportsIndirectInputEvents = YES;
				INFOPLIST_KEY_UILaunchStoryboardName = LaunchScreen;
				INFOPLIST_KEY_UIMainStoryboardFile = Main;
				INFOPLIST_KEY_UIStatusBarHidden = YES;
				INFOPLIST_KEY_UISupportedInterfaceOrientations_iPad = "UIInterfaceOrientationPortrait UIInterfaceOrientationPortraitUpsideDown UIInterfaceOrientationLandscapeLeft UIInterfaceOrientationLandscapeRight";
				INFOPLIST_KEY_UISupportedInterfaceOrientations_iPhone = "UIInterfaceOrientationPortrait UIInterfaceOrientationLandscapeLeft UIInterfaceOrientationLandscapeRight";
				IPHONEOS_DEPLOYMENT_TARGET = 18.0;
				LD_RUNPATH_SEARCH_PATHS = (
					"$(inherited)",
					"@executable_path/Frameworks",
				);
				MARKETING_VERSION = 1.0;
				PRODUCT_BUNDLE_IDENTIFIER = "personal.mobile-game-2048";
				PRODUCT_NAME = mobile_game_2048;
				SDKROOT = iphoneos;
				SWIFT_EMIT_LOC_STRINGS = YES;
				SWIFT_VERSION = 5.0;
				TARGETED_DEVICE_FAMILY = "1,2";
			};
			name = Debug;
		};
		1D3441A72D825B820027D2F0 /* Release */ = {
			isa = XCBuildConfiguration;
			baseConfigurationReference = 8E6F6B3979D32EF8966D1FD7 /* Pods-mobile_game_2048 iOS.release.xcconfig */;
			buildSettings = {
				ASSETCATALOG_COMPILER_APPICON_NAME = AppIcon;
				ASSETCATALOG_COMPILER_GLOBAL_ACCENT_COLOR_NAME = AccentColor;
				CODE_SIGN_ENTITLEMENTS = "mobile_game_2048 iOS/mobile_game_2048 iOS.entitlements";
				CODE_SIGN_STYLE = Automatic;
				CURRENT_PROJECT_VERSION = 1;
				DEVELOPMENT_TEAM = 9TXQH95V62;
				GENERATE_INFOPLIST_FILE = YES;
				INFOPLIST_FILE = "mobile-game-2048-iOS-Info.plist";
				INFOPLIST_KEY_UIApplicationSupportsIndirectInputEvents = YES;
				INFOPLIST_KEY_UILaunchStoryboardName = LaunchScreen;
				INFOPLIST_KEY_UIMainStoryboardFile = Main;
				INFOPLIST_KEY_UIStatusBarHidden = YES;
				INFOPLIST_KEY_UISupportedInterfaceOrientations_iPad = "UIInterfaceOrientationPortrait UIInterfaceOrientationPortraitUpsideDown UIInterfaceOrientationLandscapeLeft UIInterfaceOrientationLandscapeRight";
				INFOPLIST_KEY_UISupportedInterfaceOrientations_iPhone = "UIInterfaceOrientationPortrait UIInterfaceOrientationLandscapeLeft UIInterfaceOrientationLandscapeRight";
				IPHONEOS_DEPLOYMENT_TARGET = 18.0;
				LD_RUNPATH_SEARCH_PATHS = (
					"$(inherited)",
					"@executable_path/Frameworks",
				);
				MARKETING_VERSION = 1.0;
				PRODUCT_BUNDLE_IDENTIFIER = "personal.mobile-game-2048";
				PRODUCT_NAME = mobile_game_2048;
				SDKROOT = iphoneos;
				SWIFT_EMIT_LOC_STRINGS = YES;
				SWIFT_VERSION = 5.0;
				TARGETED_DEVICE_FAMILY = "1,2";
				VALIDATE_PRODUCT = YES;
			};
			name = Release;
		};
		1D3441AA2D825B820027D2F0 /* Debug */ = {
			isa = XCBuildConfiguration;
			baseConfigurationReference = 7569B76AF366951ED20B5BE9 /* Pods-mobile_game_2048 tvOS.debug.xcconfig */;
			buildSettings = {
				ASSETCATALOG_COMPILER_APPICON_NAME = "tvOS App Icon & Top Shelf Image";
				ASSETCATALOG_COMPILER_GLOBAL_ACCENT_COLOR_NAME = AccentColor;
				CODE_SIGN_STYLE = Automatic;
				CURRENT_PROJECT_VERSION = 1;
				DEVELOPMENT_TEAM = 9TXQH95V62;
				GENERATE_INFOPLIST_FILE = YES;
				INFOPLIST_KEY_UILaunchStoryboardName = LaunchScreen;
				INFOPLIST_KEY_UIMainStoryboardFile = Main;
				INFOPLIST_KEY_UIUserInterfaceStyle = Automatic;
				LD_RUNPATH_SEARCH_PATHS = (
					"$(inherited)",
					"@executable_path/Frameworks",
				);
				MARKETING_VERSION = 1.0;
				PRODUCT_BUNDLE_IDENTIFIER = "personal.mobile-game-2048";
				PRODUCT_NAME = mobile_game_2048;
				SDKROOT = appletvos;
				SWIFT_EMIT_LOC_STRINGS = YES;
				SWIFT_VERSION = 5.0;
				TARGETED_DEVICE_FAMILY = 3;
				TVOS_DEPLOYMENT_TARGET = 18.0;
			};
			name = Debug;
		};
		1D3441AB2D825B820027D2F0 /* Release */ = {
			isa = XCBuildConfiguration;
			baseConfigurationReference = D7265C541C3017B0D9BCA751 /* Pods-mobile_game_2048 tvOS.release.xcconfig */;
			buildSettings = {
				ASSETCATALOG_COMPILER_APPICON_NAME = "tvOS App Icon & Top Shelf Image";
				ASSETCATALOG_COMPILER_GLOBAL_ACCENT_COLOR_NAME = AccentColor;
				CODE_SIGN_STYLE = Automatic;
				CURRENT_PROJECT_VERSION = 1;
				DEVELOPMENT_TEAM = D9L4XDFX33;
				GENERATE_INFOPLIST_FILE = YES;
				INFOPLIST_KEY_UILaunchStoryboardName = LaunchScreen;
				INFOPLIST_KEY_UIMainStoryboardFile = Main;
				INFOPLIST_KEY_UIUserInterfaceStyle = Automatic;
				LD_RUNPATH_SEARCH_PATHS = (
					"$(inherited)",
					"@executable_path/Frameworks",
				);
				MARKETING_VERSION = 1.0;
				PRODUCT_BUNDLE_IDENTIFIER = "personal.mobile-game-2048";
				PRODUCT_NAME = mobile_game_2048;
				SDKROOT = appletvos;
				SWIFT_EMIT_LOC_STRINGS = YES;
				SWIFT_VERSION = 5.0;
				TARGETED_DEVICE_FAMILY = 3;
				TVOS_DEPLOYMENT_TARGET = 18.0;
				VALIDATE_PRODUCT = YES;
			};
			name = Release;
		};
		1D3441AE2D825B820027D2F0 /* Debug */ = {
			isa = XCBuildConfiguration;
			baseConfigurationReference = 3BBD8FF2260501211C81D847 /* Pods-mobile_game_2048 macOS.debug.xcconfig */;
			buildSettings = {
				ASSETCATALOG_COMPILER_APPICON_NAME = AppIcon;
				ASSETCATALOG_COMPILER_GLOBAL_ACCENT_COLOR_NAME = AccentColor;
				CODE_SIGN_ENTITLEMENTS = "mobile_game_2048 macOS/mobile_game_2048_macOS.entitlements";
				CODE_SIGN_STYLE = Automatic;
				COMBINE_HIDPI_IMAGES = YES;
				CURRENT_PROJECT_VERSION = 1;
				DEVELOPMENT_TEAM = 9TXQH95V62;
				ENABLE_HARDENED_RUNTIME = YES;
				GENERATE_INFOPLIST_FILE = YES;
				INFOPLIST_KEY_NSHumanReadableCopyright = "";
				INFOPLIST_KEY_NSMainStoryboardFile = Main;
				INFOPLIST_KEY_NSPrincipalClass = NSApplication;
				LD_RUNPATH_SEARCH_PATHS = (
					"$(inherited)",
					"@executable_path/../Frameworks",
				);
				MACOSX_DEPLOYMENT_TARGET = 14.6;
				MARKETING_VERSION = 1.0;
				PRODUCT_BUNDLE_IDENTIFIER = "personal.mobile-game-2048";
				PRODUCT_NAME = mobile_game_2048;
				SDKROOT = macosx;
				SWIFT_EMIT_LOC_STRINGS = YES;
				SWIFT_VERSION = 5.0;
			};
			name = Debug;
		};
		1D3441AF2D825B820027D2F0 /* Release */ = {
			isa = XCBuildConfiguration;
			baseConfigurationReference = D9F9CD12722966D30C4A6E58 /* Pods-mobile_game_2048 macOS.release.xcconfig */;
			buildSettings = {
				ASSETCATALOG_COMPILER_APPICON_NAME = AppIcon;
				ASSETCATALOG_COMPILER_GLOBAL_ACCENT_COLOR_NAME = AccentColor;
				CODE_SIGN_ENTITLEMENTS = "mobile_game_2048 macOS/mobile_game_2048_macOS.entitlements";
				CODE_SIGN_STYLE = Automatic;
				COMBINE_HIDPI_IMAGES = YES;
				CURRENT_PROJECT_VERSION = 1;
				DEVELOPMENT_TEAM = D9L4XDFX33;
				ENABLE_HARDENED_RUNTIME = YES;
				GENERATE_INFOPLIST_FILE = YES;
				INFOPLIST_KEY_NSHumanReadableCopyright = "";
				INFOPLIST_KEY_NSMainStoryboardFile = Main;
				INFOPLIST_KEY_NSPrincipalClass = NSApplication;
				LD_RUNPATH_SEARCH_PATHS = (
					"$(inherited)",
					"@executable_path/../Frameworks",
				);
				MACOSX_DEPLOYMENT_TARGET = 14.6;
				MARKETING_VERSION = 1.0;
				PRODUCT_BUNDLE_IDENTIFIER = "personal.mobile-game-2048";
				PRODUCT_NAME = mobile_game_2048;
				SDKROOT = macosx;
				SWIFT_EMIT_LOC_STRINGS = YES;
				SWIFT_VERSION = 5.0;
			};
			name = Release;
		};
		1D3441B02D825B820027D2F0 /* Debug */ = {
			isa = XCBuildConfiguration;
			buildSettings = {
				ALWAYS_SEARCH_USER_PATHS = NO;
				ASSETCATALOG_COMPILER_GENERATE_SWIFT_ASSET_SYMBOL_EXTENSIONS = YES;
				CLANG_ANALYZER_NONNULL = YES;
				CLANG_ANALYZER_NUMBER_OBJECT_CONVERSION = YES_AGGRESSIVE;
				CLANG_CXX_LANGUAGE_STANDARD = "gnu++20";
				CLANG_ENABLE_MODULES = YES;
				CLANG_ENABLE_OBJC_ARC = YES;
				CLANG_ENABLE_OBJC_WEAK = YES;
				CLANG_WARN_BLOCK_CAPTURE_AUTORELEASING = YES;
				CLANG_WARN_BOOL_CONVERSION = YES;
				CLANG_WARN_COMMA = YES;
				CLANG_WARN_CONSTANT_CONVERSION = YES;
				CLANG_WARN_DEPRECATED_OBJC_IMPLEMENTATIONS = YES;
				CLANG_WARN_DIRECT_OBJC_ISA_USAGE = YES_ERROR;
				CLANG_WARN_DOCUMENTATION_COMMENTS = YES;
				CLANG_WARN_EMPTY_BODY = YES;
				CLANG_WARN_ENUM_CONVERSION = YES;
				CLANG_WARN_INFINITE_RECURSION = YES;
				CLANG_WARN_INT_CONVERSION = YES;
				CLANG_WARN_NON_LITERAL_NULL_CONVERSION = YES;
				CLANG_WARN_OBJC_IMPLICIT_RETAIN_SELF = YES;
				CLANG_WARN_OBJC_LITERAL_CONVERSION = YES;
				CLANG_WARN_OBJC_ROOT_CLASS = YES_ERROR;
				CLANG_WARN_QUOTED_INCLUDE_IN_FRAMEWORK_HEADER = YES;
				CLANG_WARN_RANGE_LOOP_ANALYSIS = YES;
				CLANG_WARN_STRICT_PROTOTYPES = YES;
				CLANG_WARN_SUSPICIOUS_MOVE = YES;
				CLANG_WARN_UNGUARDED_AVAILABILITY = YES_AGGRESSIVE;
				CLANG_WARN_UNREACHABLE_CODE = YES;
				CLANG_WARN__DUPLICATE_METHOD_MATCH = YES;
				COPY_PHASE_STRIP = NO;
				DEBUG_INFORMATION_FORMAT = dwarf;
				ENABLE_STRICT_OBJC_MSGSEND = YES;
				ENABLE_TESTABILITY = YES;
				ENABLE_USER_SCRIPT_SANDBOXING = NO;
				GCC_C_LANGUAGE_STANDARD = gnu17;
				GCC_DYNAMIC_NO_PIC = NO;
				GCC_NO_COMMON_BLOCKS = YES;
				GCC_OPTIMIZATION_LEVEL = 0;
				GCC_PREPROCESSOR_DEFINITIONS = (
					"DEBUG=1",
					"$(inherited)",
				);
				GCC_WARN_64_TO_32_BIT_CONVERSION = YES;
				GCC_WARN_ABOUT_RETURN_TYPE = YES_ERROR;
				GCC_WARN_UNDECLARED_SELECTOR = YES;
				GCC_WARN_UNINITIALIZED_AUTOS = YES_AGGRESSIVE;
				GCC_WARN_UNUSED_FUNCTION = YES;
				GCC_WARN_UNUSED_VARIABLE = YES;
				LOCALIZATION_PREFERS_STRING_CATALOGS = YES;
				MTL_ENABLE_DEBUG_INFO = INCLUDE_SOURCE;
				MTL_FAST_MATH = YES;
				ONLY_ACTIVE_ARCH = YES;
				SWIFT_ACTIVE_COMPILATION_CONDITIONS = "DEBUG $(inherited)";
				SWIFT_OPTIMIZATION_LEVEL = "-Onone";
			};
			name = Debug;
		};
		1D3441B12D825B820027D2F0 /* Release */ = {
			isa = XCBuildConfiguration;
			buildSettings = {
				ALWAYS_SEARCH_USER_PATHS = NO;
				ASSETCATALOG_COMPILER_GENERATE_SWIFT_ASSET_SYMBOL_EXTENSIONS = YES;
				CLANG_ANALYZER_NONNULL = YES;
				CLANG_ANALYZER_NUMBER_OBJECT_CONVERSION = YES_AGGRESSIVE;
				CLANG_CXX_LANGUAGE_STANDARD = "gnu++20";
				CLANG_ENABLE_MODULES = YES;
				CLANG_ENABLE_OBJC_ARC = YES;
				CLANG_ENABLE_OBJC_WEAK = YES;
				CLANG_WARN_BLOCK_CAPTURE_AUTORELEASING = YES;
				CLANG_WARN_BOOL_CONVERSION = YES;
				CLANG_WARN_COMMA = YES;
				CLANG_WARN_CONSTANT_CONVERSION = YES;
				CLANG_WARN_DEPRECATED_OBJC_IMPLEMENTATIONS = YES;
				CLANG_WARN_DIRECT_OBJC_ISA_USAGE = YES_ERROR;
				CLANG_WARN_DOCUMENTATION_COMMENTS = YES;
				CLANG_WARN_EMPTY_BODY = YES;
				CLANG_WARN_ENUM_CONVERSION = YES;
				CLANG_WARN_INFINITE_RECURSION = YES;
				CLANG_WARN_INT_CONVERSION = YES;
				CLANG_WARN_NON_LITERAL_NULL_CONVERSION = YES;
				CLANG_WARN_OBJC_IMPLICIT_RETAIN_SELF = YES;
				CLANG_WARN_OBJC_LITERAL_CONVERSION = YES;
				CLANG_WARN_OBJC_ROOT_CLASS = YES_ERROR;
				CLANG_WARN_QUOTED_INCLUDE_IN_FRAMEWORK_HEADER = YES;
				CLANG_WARN_RANGE_LOOP_ANALYSIS = YES;
				CLANG_WARN_STRICT_PROTOTYPES = YES;
				CLANG_WARN_SUSPICIOUS_MOVE = YES;
				CLANG_WARN_UNGUARDED_AVAILABILITY = YES_AGGRESSIVE;
				CLANG_WARN_UNREACHABLE_CODE = YES;
				CLANG_WARN__DUPLICATE_METHOD_MATCH = YES;
				COPY_PHASE_STRIP = NO;
				DEBUG_INFORMATION_FORMAT = "dwarf-with-dsym";
				ENABLE_NS_ASSERTIONS = NO;
				ENABLE_STRICT_OBJC_MSGSEND = YES;
				ENABLE_USER_SCRIPT_SANDBOXING = NO;
				GCC_C_LANGUAGE_STANDARD = gnu17;
				GCC_NO_COMMON_BLOCKS = YES;
				GCC_WARN_64_TO_32_BIT_CONVERSION = YES;
				GCC_WARN_ABOUT_RETURN_TYPE = YES_ERROR;
				GCC_WARN_UNDECLARED_SELECTOR = YES;
				GCC_WARN_UNINITIALIZED_AUTOS = YES_AGGRESSIVE;
				GCC_WARN_UNUSED_FUNCTION = YES;
				GCC_WARN_UNUSED_VARIABLE = YES;
				LOCALIZATION_PREFERS_STRING_CATALOGS = YES;
				MTL_ENABLE_DEBUG_INFO = NO;
				MTL_FAST_MATH = YES;
				SWIFT_COMPILATION_MODE = wholemodule;
			};
			name = Release;
		};
/* End XCBuildConfiguration section */

/* Begin XCConfigurationList section */
		1D3441632D825B800027D2F0 /* Build configuration list for PBXProject "mobile_game_2048" */ = {
			isa = XCConfigurationList;
			buildConfigurations = (
				1D3441B02D825B820027D2F0 /* Debug */,
				1D3441B12D825B820027D2F0 /* Release */,
			);
			defaultConfigurationIsVisible = 0;
			defaultConfigurationName = Release;
		};
		1D3441A52D825B820027D2F0 /* Build configuration list for PBXNativeTarget "mobile_game_2048 iOS" */ = {
			isa = XCConfigurationList;
			buildConfigurations = (
				1D3441A62D825B820027D2F0 /* Debug */,
				1D3441A72D825B820027D2F0 /* Release */,
			);
			defaultConfigurationIsVisible = 0;
			defaultConfigurationName = Release;
		};
		1D3441A92D825B820027D2F0 /* Build configuration list for PBXNativeTarget "mobile_game_2048 tvOS" */ = {
			isa = XCConfigurationList;
			buildConfigurations = (
				1D3441AA2D825B820027D2F0 /* Debug */,
				1D3441AB2D825B820027D2F0 /* Release */,
			);
			defaultConfigurationIsVisible = 0;
			defaultConfigurationName = Release;
		};
		1D3441AD2D825B820027D2F0 /* Build configuration list for PBXNativeTarget "mobile_game_2048 macOS" */ = {
			isa = XCConfigurationList;
			buildConfigurations = (
				1D3441AE2D825B820027D2F0 /* Debug */,
				1D3441AF2D825B820027D2F0 /* Release */,
			);
			defaultConfigurationIsVisible = 0;
			defaultConfigurationName = Release;
		};
/* End XCConfigurationList section */

/* Begin XCRemoteSwiftPackageReference section */
		7BB241A42DAF318200CC2722 /* XCRemoteSwiftPackageReference "swift-package-manager-google-mobile-ads" */ = {
			isa = XCRemoteSwiftPackageReference;
			repositoryURL = "https://github.com/googleads/swift-package-manager-google-mobile-ads";
			requirement = {
				kind = upToNextMajorVersion;
				minimumVersion = 12.2.0;
			};
		};
/* End XCRemoteSwiftPackageReference section */

/* Begin XCSwiftPackageProductDependency section */
		7BB241A52DAF318200CC2722 /* GoogleMobileAds */ = {
			isa = XCSwiftPackageProductDependency;
			package = 7BB241A42DAF318200CC2722 /* XCRemoteSwiftPackageReference "swift-package-manager-google-mobile-ads" */;
			productName = GoogleMobileAds;
		};
/* End XCSwiftPackageProductDependency section */
	};
	rootObject = 1D3441602D825B800027D2F0 /* Project object */;
}
